Microsoft Visual Studio Solution File, Format Version 12.00
# Visual Studio Version 17
VisualStudioVersion = 17.5.2.0
MinimumVisualStudioVersion = 10.0.40219.1
Project("{FAE04EC0-301F-11D3-BF4B-00C04F79EFBC}") = "TheApe-Discord-Bot", "TheApe-Discord-Bot.csproj", "{EBDEF273-0D4B-C05D-63A7-C320EA25DE00}"
EndProject
Global
	GlobalSection(SolutionConfigurationPlatforms) = preSolution
		Debug|Any CPU = Debug|Any CPU
		Release|Any CPU = Release|Any CPU
	EndGlobalSection
	GlobalSection(ProjectConfigurationPlatforms) = postSolution
		{EBDEF273-0D4B-C05D-63A7-C320EA25DE00}.Debug|Any CPU.ActiveCfg = Debug|Any CPU
		{EBDEF273-0D4B-C05D-63A7-C320EA25DE00}.Debug|Any CPU.Build.0 = Debug|Any CPU
		{EBDEF273-0D4B-C05D-63A7-C320EA25DE00}.Release|Any CPU.ActiveCfg = Release|Any CPU
		{EBDEF273-0D4B-C05D-63A7-C320EA25DE00}.Release|Any CPU.Build.0 = Release|Any CPU
	EndGlobalSection
	GlobalSection(SolutionProperties) = preSolution
		HideSolutionNode = FALSE
	EndGlobalSection
	GlobalSection(ExtensibilityGlobals) = postSolution
		SolutionGuid = {D1C2EE0A-E34C-4FE5-8219-DA8E5451920E}
	EndGlobalSection
EndGlobal
